
Microsoft Visual Studio Solution File, Format Version 12.00
# Visual Studio 15
VisualStudioVersion = 15.0.28307.1022
MinimumVisualStudioVersion = 10.0.40219.1
Project("{FAE04EC0-301F-11D3-BF4B-00C04F79EFBC}") = "ApprovalRoutingCleanup", "ApprovalRoutingCleanup\ApprovalRoutingCleanup.csproj", "{8F647B68-45C3-402E-B67F-2F8CDEF6B99F}"
EndProject
Global
	GlobalSection(SolutionConfigurationPlatforms) = preSolution
		Debug|Any CPU = Debug|Any CPU
		Release|Any CPU = Release|Any CPU
	EndGlobalSection
	GlobalSection(ProjectConfigurationPlatforms) = postSolution
		{8F647B68-45C3-402E-B67F-2F8CDEF6B99F}.Debug|Any CPU.ActiveCfg = Debug|Any CPU
		{8F647B68-45C3-402E-B67F-2F8CDEF6B99F}.Debug|Any CPU.Build.0 = Debug|Any CPU
		{8F647B68-45C3-402E-B67F-2F8CDEF6B99F}.Release|Any CPU.ActiveCfg = Release|Any CPU
		{8F647B68-45C3-402E-B67F-2F8CDEF6B99F}.Release|Any CPU.Build.0 = Release|Any CPU
	EndGlobalSection
	GlobalSection(SolutionProperties) = preSolution
		HideSolutionNode = FALSE
	EndGlobalSection
	GlobalSection(ExtensibilityGlobals) = postSolution
		SolutionGuid = {3438DA76-0F37-47A3-9C63-1351D4C676C0}
	EndGlobalSection
EndGlobal
